
Microsoft Visual Studio Solution File, Format Version 12.00
# Visual Studio 15
VisualStudioVersion = 15.0.26403.7
MinimumVisualStudioVersion = 10.0.40219.1
Project("{D954291E-2A0B-460D-934E-DC6B0785DB48}") = "METechs", "METechs\METechs\METechs.shproj", "{CECC1EF0-1F38-47B7-B7C0-841C027D1F9C}"
EndProject
Project("{FAE04EC0-301F-11D3-BF4B-00C04F79EFBC}") = "METechs.Android", "METechs\METechs.Android\METechs.Android.csproj", "{563F7373-508E-4D92-AC79-3D061094D37F}"
EndProject
Project("{FAE04EC0-301F-11D3-BF4B-00C04F79EFBC}") = "METechs.iOS", "METechs\METechs.iOS\METechs.iOS.csproj", "{F2D000C8-1000-460A-A697-45C4AC3E5487}"
EndProject
Project("{FAE04EC0-301F-11D3-BF4B-00C04F79EFBC}") = "METechs.UWP", "METechs\METechs.UWP\METechs.UWP.csproj", "{CB13AB58-E019-40F0-ACDC-F7C7ABF23614}"
EndProject
Global
	GlobalSection(SharedMSBuildProjectFiles) = preSolution
		METechs\METechs\METechs.projitems*{563f7373-508e-4d92-ac79-3d061094d37f}*SharedItemsImports = 4
		METechs\METechs\METechs.projitems*{cb13ab58-e019-40f0-acdc-f7c7abf23614}*SharedItemsImports = 4
		METechs\METechs\METechs.projitems*{cecc1ef0-1f38-47b7-b7c0-841c027d1f9c}*SharedItemsImports = 13
		METechs\METechs\METechs.projitems*{f2d000c8-1000-460a-a697-45c4ac3e5487}*SharedItemsImports = 4
	EndGlobalSection
	GlobalSection(SolutionConfigurationPlatforms) = preSolution
		Debug|Any CPU = Debug|Any CPU
		Debug|ARM = Debug|ARM
		Debug|iPhone = Debug|iPhone
		Debug|iPhoneSimulator = Debug|iPhoneSimulator
		Debug|x64 = Debug|x64
		Debug|x86 = Debug|x86
		Release|Any CPU = Release|Any CPU
		Release|ARM = Release|ARM
		Release|iPhone = Release|iPhone
		Release|iPhoneSimulator = Release|iPhoneSimulator
		Release|x64 = Release|x64
		Release|x86 = Release|x86
	EndGlobalSection
	GlobalSection(ProjectConfigurationPlatforms) = postSolution
		{563F7373-508E-4D92-AC79-3D061094D37F}.Debug|Any CPU.ActiveCfg = Debug|Any CPU
		{563F7373-508E-4D92-AC79-3D061094D37F}.Debug|Any CPU.Build.0 = Debug|Any CPU
		{563F7373-508E-4D92-AC79-3D061094D37F}.Debug|Any CPU.Deploy.0 = Debug|Any CPU
		{563F7373-508E-4D92-AC79-3D061094D37F}.Debug|ARM.ActiveCfg = Debug|Any CPU
		{563F7373-508E-4D92-AC79-3D061094D37F}.Debug|ARM.Build.0 = Debug|Any CPU
		{563F7373-508E-4D92-AC79-3D061094D37F}.Debug|ARM.Deploy.0 = Debug|Any CPU
		{563F7373-508E-4D92-AC79-3D061094D37F}.Debug|iPhone.ActiveCfg = Debug|Any CPU
		{563F7373-508E-4D92-AC79-3D061094D37F}.Debug|iPhone.Build.0 = Debug|Any CPU
		{563F7373-508E-4D92-AC79-3D061094D37F}.Debug|iPhone.Deploy.0 = Debug|Any CPU
		{563F7373-508E-4D92-AC79-3D061094D37F}.Debug|iPhoneSimulator.ActiveCfg = Debug|Any CPU
		{563F7373-508E-4D92-AC79-3D061094D37F}.Debug|iPhoneSimulator.Build.0 = Debug|Any CPU
		{563F7373-508E-4D92-AC79-3D061094D37F}.Debug|iPhoneSimulator.Deploy.0 = Debug|Any CPU
		{563F7373-508E-4D92-AC79-3D061094D37F}.Debug|x64.ActiveCfg = Debug|Any CPU
		{563F7373-508E-4D92-AC79-3D061094D37F}.Debug|x64.Build.0 = Debug|Any CPU
		{563F7373-508E-4D92-AC79-3D061094D37F}.Debug|x64.Deploy.0 = Debug|Any CPU
		{563F7373-508E-4D92-AC79-3D061094D37F}.Debug|x86.ActiveCfg = Debug|Any CPU
		{563F7373-508E-4D92-AC79-3D061094D37F}.Debug|x86.Build.0 = Debug|Any CPU
		{563F7373-508E-4D92-AC79-3D061094D37F}.Debug|x86.Deploy.0 = Debug|Any CPU
		{563F7373-508E-4D92-AC79-3D061094D37F}.Release|Any CPU.ActiveCfg = Release|Any CPU
		{563F7373-508E-4D92-AC79-3D061094D37F}.Release|Any CPU.Build.0 = Release|Any CPU
		{563F7373-508E-4D92-AC79-3D061094D37F}.Release|Any CPU.Deploy.0 = Release|Any CPU
		{563F7373-508E-4D92-AC79-3D061094D37F}.Release|ARM.ActiveCfg = Release|Any CPU
		{563F7373-508E-4D92-AC79-3D061094D37F}.Release|ARM.Build.0 = Release|Any CPU
		{563F7373-508E-4D92-AC79-3D061094D37F}.Release|ARM.Deploy.0 = Release|Any CPU
		{563F7373-508E-4D92-AC79-3D061094D37F}.Release|iPhone.ActiveCfg = Release|Any CPU
		{563F7373-508E-4D92-AC79-3D061094D37F}.Release|iPhone.Build.0 = Release|Any CPU
		{563F7373-508E-4D92-AC79-3D061094D37F}.Release|iPhone.Deploy.0 = Release|Any CPU
		{563F7373-508E-4D92-AC79-3D061094D37F}.Release|iPhoneSimulator.ActiveCfg = Release|Any CPU
		{563F7373-508E-4D92-AC79-3D061094D37F}.Release|iPhoneSimulator.Build.0 = Release|Any CPU
		{563F7373-508E-4D92-AC79-3D061094D37F}.Release|iPhoneSimulator.Deploy.0 = Release|Any CPU
		{563F7373-508E-4D92-AC79-3D061094D37F}.Release|x64.ActiveCfg = Release|Any CPU
		{563F7373-508E-4D92-AC79-3D061094D37F}.Release|x64.Build.0 = Release|Any CPU
		{563F7373-508E-4D92-AC79-3D061094D37F}.Release|x64.Deploy.0 = Release|Any CPU
		{563F7373-508E-4D92-AC79-3D061094D37F}.Release|x86.ActiveCfg = Release|Any CPU
		{563F7373-508E-4D92-AC79-3D061094D37F}.Release|x86.Build.0 = Release|Any CPU
		{563F7373-508E-4D92-AC79-3D061094D37F}.Release|x86.Deploy.0 = Release|Any CPU
		{F2D000C8-1000-460A-A697-45C4AC3E5487}.Debug|Any CPU.ActiveCfg = Debug|iPhone
		{F2D000C8-1000-460A-A697-45C4AC3E5487}.Debug|ARM.ActiveCfg = Debug|iPhone
		{F2D000C8-1000-460A-A697-45C4AC3E5487}.Debug|iPhone.ActiveCfg = Debug|iPhone
		{F2D000C8-1000-460A-A697-45C4AC3E5487}.Debug|iPhone.Build.0 = Debug|iPhone
		{F2D000C8-1000-460A-A697-45C4AC3E5487}.Debug|iPhoneSimulator.ActiveCfg = Debug|iPhoneSimulator
		{F2D000C8-1000-460A-A697-45C4AC3E5487}.Debug|iPhoneSimulator.Build.0 = Debug|iPhoneSimulator
		{F2D000C8-1000-460A-A697-45C4AC3E5487}.Debug|x64.ActiveCfg = Debug|iPhone
		{F2D000C8-1000-460A-A697-45C4AC3E5487}.Debug|x86.ActiveCfg = Debug|iPhone
		{F2D000C8-1000-460A-A697-45C4AC3E5487}.Release|Any CPU.ActiveCfg = Release|iPhone
		{F2D000C8-1000-460A-A697-45C4AC3E5487}.Release|ARM.ActiveCfg = Release|iPhone
		{F2D000C8-1000-460A-A697-45C4AC3E5487}.Release|iPhone.ActiveCfg = Release|iPhone
		{F2D000C8-1000-460A-A697-45C4AC3E5487}.Release|iPhone.Build.0 = Release|iPhone
		{F2D000C8-1000-460A-A697-45C4AC3E5487}.Release|iPhoneSimulator.ActiveCfg = Release|iPhoneSimulator
		{F2D000C8-1000-460A-A697-45C4AC3E5487}.Release|iPhoneSimulator.Build.0 = Release|iPhoneSimulator
		{F2D000C8-1000-460A-A697-45C4AC3E5487}.Release|x64.ActiveCfg = Release|iPhone
		{F2D000C8-1000-460A-A697-45C4AC3E5487}.Release|x86.ActiveCfg = Release|iPhone
		{CB13AB58-E019-40F0-ACDC-F7C7ABF23614}.Debug|Any CPU.ActiveCfg = Debug|x86
		{CB13AB58-E019-40F0-ACDC-F7C7ABF23614}.Debug|ARM.ActiveCfg = Debug|ARM
		{CB13AB58-E019-40F0-ACDC-F7C7ABF23614}.Debug|ARM.Build.0 = Debug|ARM
		{CB13AB58-E019-40F0-ACDC-F7C7ABF23614}.Debug|ARM.Deploy.0 = Debug|ARM
		{CB13AB58-E019-40F0-ACDC-F7C7ABF23614}.Debug|iPhone.ActiveCfg = Debug|x86
		{CB13AB58-E019-40F0-ACDC-F7C7ABF23614}.Debug|iPhoneSimulator.ActiveCfg = Debug|x86
		{CB13AB58-E019-40F0-ACDC-F7C7ABF23614}.Debug|x64.ActiveCfg = Debug|x64
		{CB13AB58-E019-40F0-ACDC-F7C7ABF23614}.Debug|x64.Build.0 = Debug|x64
		{CB13AB58-E019-40F0-ACDC-F7C7ABF23614}.Debug|x64.Deploy.0 = Debug|x64
		{CB13AB58-E019-40F0-ACDC-F7C7ABF23614}.Debug|x86.ActiveCfg = Debug|x86
		{CB13AB58-E019-40F0-ACDC-F7C7ABF23614}.Debug|x86.Build.0 = Debug|x86
		{CB13AB58-E019-40F0-ACDC-F7C7ABF23614}.Debug|x86.Deploy.0 = Debug|x86
		{CB13AB58-E019-40F0-ACDC-F7C7ABF23614}.Release|Any CPU.ActiveCfg = Release|x86
		{CB13AB58-E019-40F0-ACDC-F7C7ABF23614}.Release|ARM.ActiveCfg = Release|ARM
		{CB13AB58-E019-40F0-ACDC-F7C7ABF23614}.Release|ARM.Build.0 = Release|ARM
		{CB13AB58-E019-40F0-ACDC-F7C7ABF23614}.Release|ARM.Deploy.0 = Release|ARM
		{CB13AB58-E019-40F0-ACDC-F7C7ABF23614}.Release|iPhone.ActiveCfg = Release|x86
		{CB13AB58-E019-40F0-ACDC-F7C7ABF23614}.Release|iPhoneSimulator.ActiveCfg = Release|x86
		{CB13AB58-E019-40F0-ACDC-F7C7ABF23614}.Release|x64.ActiveCfg = Release|x64
		{CB13AB58-E019-40F0-ACDC-F7C7ABF23614}.Release|x64.Build.0 = Release|x64
		{CB13AB58-E019-40F0-ACDC-F7C7ABF23614}.Release|x64.Deploy.0 = Release|x64
		{CB13AB58-E019-40F0-ACDC-F7C7ABF23614}.Release|x86.ActiveCfg = Release|x86
		{CB13AB58-E019-40F0-ACDC-F7C7ABF23614}.Release|x86.Build.0 = Release|x86
		{CB13AB58-E019-40F0-ACDC-F7C7ABF23614}.Release|x86.Deploy.0 = Release|x86
	EndGlobalSection
	GlobalSection(SolutionProperties) = preSolution
		HideSolutionNode = FALSE
	EndGlobalSection
EndGlobal
